schema: '2.0'
stages:
  acquire_data:
    cmd: python3 acquire_data.py
    deps:
    - path: acquire_data.py
      md5: 1330a23fcd799b2574ccc2ceb95ec053
      size: 233
    outs:
    - path: data/raw/spam.csv
      md5: f10885f3e274a202196a88cb8bb3e15e
      size: 499322
  preprocess_data:
    cmd: python3 preprocess_data.py
    deps:
    - path: data/raw/spam.csv
      md5: f10885f3e274a202196a88cb8bb3e15e
      size: 499322
    - path: preprocess_data.py
      md5: 5d731a3bff04877ca34e17449083095c
      size: 238
    outs:
    - path: data/preprocessed/spam_preprocessed.csv
      md5: db6851653617574c87fecb020c16212f
      size: 512874
  train_model:
    cmd: python3 train_model.py
    deps:
    - path: data/preprocessed/spam_preprocessed.csv
      md5: db6851653617574c87fecb020c16212f
      size: 512874
    - path: train_model.py
      md5: a9e5ce9c7587509b200fccfa87d44df3
      size: 1060
    outs:
    - path: data/metrics/metrics.json
      md5: d310c9773629fba7cda4314cd8b88c2d
      size: 112
    - path: models/spam_detector_model.pkl
      md5: b58d0584e58bb20ae903bf9d18a9a13a
      size: 278397
    - path: vectors/vectorizer.pickle
      md5: 5d51453adb6b0a4d2936ec224f58469f
      size: 165955
